<?xml version="1.0" encoding="utf-8"?>
<Project ToolsVersion="4.0" xmlns="http://schemas.microsoft.com/developer/msbuild/2003">
  <ItemGroup>
    <Filter Include="Source Files">
      <UniqueIdentifier>{4FC737F1-C7A5-4376-A066-2A32D752A2FF}</UniqueIdentifier>
      <Extensions>qml;cpp;c;cc;cxx;def;odl;idl;hpj;bat;asm;asmx</Extensions>
    </Filter>
    <Filter Include="Header Files">
      <UniqueIdentifier>{93995380-89BD-4b04-88EB-625FBE52EBFB}</UniqueIdentifier>
      <Extensions>h;hh;hpp;hxx;hm;inl;inc;xsd</Extensions>
    </Filter>
    <Filter Include="Resource Files">
      <UniqueIdentifier>{67DA6AB6-F800-4c08-8B7A-83BB121AAD01}</UniqueIdentifier>
      <Extensions>qrc;rc;ico;cur;bmp;dlg;rc2;rct;bin;rgs;gif;jpg;jpeg;jpe;resx;tiff;tif;png;wav;mfcribbon-ms</Extensions>
    </Filter>
    <Filter Include="Form Files">
      <UniqueIdentifier>{99349809-55BA-4b9d-BF79-8FDBB0286EB3}</UniqueIdentifier>
      <Extensions>ui</Extensions>
    </Filter>
    <Filter Include="Translation Files">
      <UniqueIdentifier>{639EADAA-A684-42e4-A9AD-28FC9BCB8F7C}</UniqueIdentifier>
      <Extensions>ts</Extensions>
    </Filter>
  </ItemGroup>
  <ItemGroup>
    <QtRcc Include="orbitOfshaftCenter_sys.qrc">
      <Filter>Resource Files</Filter>
    </QtRcc>
    <QtUic Include="orbitOfshaftCenter_sys.ui">
      <Filter>Form Files</Filter>
    </QtUic>
    <QtMoc Include="orbitOfshaftCenter_sys.h">
      <Filter>Header Files</Filter>
    </QtMoc>
    <ClCompile Include="orbitOfshaftCenter_sys.cpp">
      <Filter>Source Files</Filter>
    </ClCompile>
  </ItemGroup>
  <ItemGroup>
    <ClCompile Include="main.cpp">
      <Filter>Source Files</Filter>
    </ClCompile>
    <ClCompile Include="stack_main.cpp">
      <Filter>Source Files</Filter>
    </ClCompile>
    <ClCompile Include="softA.cpp">
      <Filter>Source Files</Filter>
    </ClCompile>
    <ClCompile Include="view_widget.cpp">
      <Filter>Source Files</Filter>
    </ClCompile>
    <ClCompile Include="workerThread.cpp">
      <Filter>Source Files</Filter>
    </ClCompile>
    <ClCompile Include="softB.cpp">
      <Filter>Source Files</Filter>
    </ClCompile>
    <ClCompile Include="softBB\MainWindow.cpp">
      <Filter>Source Files</Filter>
    </ClCompile>
    <ClCompile Include="Parameter_optimization.cpp">
      <Filter>Source Files</Filter>
    </ClCompile>
    <ClCompile Include="image_recognition.cpp">
      <Filter>Source Files</Filter>
    </ClCompile>
    <ClCompile Include="Axis_trajectory_reconstruction.cpp">
      <Filter>Source Files</Filter>
    </ClCompile>
    <ClCompile Include="datafusion.cpp">
      <Filter>Source Files</Filter>
    </ClCompile>
    <ClCompile Include="word.cpp">
      <Filter>Source Files</Filter>
    </ClCompile>
    <ClCompile Include="LoadingFrom.cpp">
      <Filter>Source Files</Filter>
    </ClCompile>
  </ItemGroup>
  <ItemGroup>
    <QtMoc Include="stack_main.h">
      <Filter>Header Files</Filter>
    </QtMoc>
    <QtMoc Include="softA.h">
      <Filter>Header Files</Filter>
    </QtMoc>
    <QtMoc Include="view_widget.h">
      <Filter>Header Files</Filter>
    </QtMoc>
    <QtMoc Include="workerThread.h">
      <Filter>Header Files</Filter>
    </QtMoc>
    <QtMoc Include="softB.h">
      <Filter>Header Files</Filter>
    </QtMoc>
    <QtMoc Include="softBB\MainWindow.h">
      <Filter>Header Files</Filter>
    </QtMoc>
    <QtMoc Include="Parameter_optimization.h">
      <Filter>Header Files</Filter>
    </QtMoc>
    <QtMoc Include="image_recognition.h">
      <Filter>Header Files</Filter>
    </QtMoc>
    <QtMoc Include="Axis_trajectory_reconstruction.h">
      <Filter>Header Files</Filter>
    </QtMoc>
    <QtMoc Include="datafusion.h">
      <Filter>Header Files</Filter>
    </QtMoc>
    <QtMoc Include="word.h">
      <Filter>Header Files</Filter>
    </QtMoc>
    <QtMoc Include="LoadingFrom.h">
      <Filter>Header Files</Filter>
    </QtMoc>
  </ItemGroup>
  <ItemGroup>
    <QtUic Include="stack_main.ui">
      <Filter>Form Files</Filter>
    </QtUic>
    <QtUic Include="softA.ui">
      <Filter>Form Files</Filter>
    </QtUic>
    <QtUic Include="view_widget.ui">
      <Filter>Form Files</Filter>
    </QtUic>
    <QtUic Include="softB.ui">
      <Filter>Form Files</Filter>
    </QtUic>
    <QtUic Include="softBB\MainWindow.ui">
      <Filter>Form Files</Filter>
    </QtUic>
    <QtUic Include="Parameter_optimization.ui">
      <Filter>Form Files</Filter>
    </QtUic>
    <QtUic Include="image_recognition.ui">
      <Filter>Form Files</Filter>
    </QtUic>
    <QtUic Include="Axis_trajectory_reconstruction.ui">
      <Filter>Form Files</Filter>
    </QtUic>
    <QtUic Include="datafusion.ui">
      <Filter>Form Files</Filter>
    </QtUic>
    <QtUic Include="LoadingFrom.ui">
      <Filter>Form Files</Filter>
    </QtUic>
  </ItemGroup>
  <ItemGroup>
    <ClInclude Include="x64\Debug\uic\ui_image_recognition.h">
      <Filter>Header Files</Filter>
    </ClInclude>
    <ClInclude Include="x64\Debug\uic\ui_Axis_trajectory_reconstruction.h">
      <Filter>Header Files</Filter>
    </ClInclude>
    <ClInclude Include="x64\Debug\uic\ui_Parameter_optimization.h">
      <Filter>Header Files</Filter>
    </ClInclude>
  </ItemGroup>
</Project>